
Microsoft Visual Studio Solution File, Format Version 12.00
# Visual Studio Version 17
VisualStudioVersion = 17.6.33717.318
MinimumVisualStudioVersion = 10.0.40219.1
Project("{54A90642-561A-4BB1-A94E-469ADEE60C69}") = "123harris", "123harris\123harris.esproj", "{6168755D-7FCB-4B66-A88D-D968975CE2F7}"
EndProject
Global
	GlobalSection(SolutionConfigurationPlatforms) = preSolution
		Debug|Any CPU = Debug|Any CPU
		Release|Any CPU = Release|Any CPU
	EndGlobalSection
	GlobalSection(ProjectConfigurationPlatforms) = postSolution
		{6168755D-7FCB-4B66-A88D-D968975CE2F7}.Debug|Any CPU.ActiveCfg = Debug|Any CPU
		{6168755D-7FCB-4B66-A88D-D968975CE2F7}.Debug|Any CPU.Build.0 = Debug|Any CPU
		{6168755D-7FCB-4B66-A88D-D968975CE2F7}.Debug|Any CPU.Deploy.0 = Debug|Any CPU
		{6168755D-7FCB-4B66-A88D-D968975CE2F7}.Release|Any CPU.ActiveCfg = Release|Any CPU
		{6168755D-7FCB-4B66-A88D-D968975CE2F7}.Release|Any CPU.Build.0 = Release|Any CPU
		{6168755D-7FCB-4B66-A88D-D968975CE2F7}.Release|Any CPU.Deploy.0 = Release|Any CPU
	EndGlobalSection
	GlobalSection(SolutionProperties) = preSolution
		HideSolutionNode = FALSE
	EndGlobalSection
	GlobalSection(ExtensibilityGlobals) = postSolution
		SolutionGuid = {8D3D9A52-5BDE-4023-9991-7F533D6B9A3E}
	EndGlobalSection
EndGlobal
